
Microsoft Visual Studio Solution File, Format Version 12.00
# Visual Studio 15
Project("{FAE04EC0-301F-11D3-BF4B-00C04F79EFBC}") = "Fapply Bird", "Fapply Bird.csproj", "{9C08D7A4-C13A-3F7E-159E-22B5716752CC}"
EndProject
Global
	GlobalSection(SolutionConfigurationPlatforms) = preSolution
		Debug|Any CPU = Debug|Any CPU
		Release|Any CPU = Release|Any CPU
	EndGlobalSection
	GlobalSection(ProjectConfigurationPlatforms) = postSolution
		{9C08D7A4-C13A-3F7E-159E-22B5716752CC}.Debug|Any CPU.ActiveCfg = Debug|Any CPU
		{9C08D7A4-C13A-3F7E-159E-22B5716752CC}.Debug|Any CPU.Build.0 = Debug|Any CPU
		{9C08D7A4-C13A-3F7E-159E-22B5716752CC}.Release|Any CPU.ActiveCfg = Release|Any CPU
		{9C08D7A4-C13A-3F7E-159E-22B5716752CC}.Release|Any CPU.Build.0 = Release|Any CPU
	EndGlobalSection
	GlobalSection(SolutionProperties) = preSolution
		HideSolutionNode = FALSE
	EndGlobalSection
EndGlobal
